
Microsoft Visual Studio Solution File, Format Version 12.00
# Visual Studio 14
VisualStudioVersion = 14.0.25420.1
MinimumVisualStudioVersion = 10.0.40219.1
Project("{FAE04EC0-301F-11D3-BF4B-00C04F79EFBC}") = "StarrockGame", "StarrockGame\StarrockGame.csproj", "{0E32C139-1252-4649-A409-AE1489A56282}"
EndProject
Project("{FAE04EC0-301F-11D3-BF4B-00C04F79EFBC}") = "TData", "TData\TData.csproj", "{CFCB38B0-74CA-478F-BE18-CC185079C91F}"
EndProject
Project("{FAE04EC0-301F-11D3-BF4B-00C04F79EFBC}") = "GPart", "GPart\GPart.csproj", "{5948C8AD-D770-43F3-A23F-EFC3058F5E0C}"
EndProject
Project("{FAE04EC0-301F-11D3-BF4B-00C04F79EFBC}") = "CSC", "CSC\CSC.csproj", "{0C739D92-B4F8-4697-AC45-4476B2AC98A7}"
EndProject
Global
	GlobalSection(SolutionConfigurationPlatforms) = preSolution
		Debug|Any CPU = Debug|Any CPU
		Debug|x64 = Debug|x64
		Debug|x86 = Debug|x86
		Release|Any CPU = Release|Any CPU
		Release|x64 = Release|x64
		Release|x86 = Release|x86
	EndGlobalSection
	GlobalSection(ProjectConfigurationPlatforms) = postSolution
		{0E32C139-1252-4649-A409-AE1489A56282}.Debug|Any CPU.ActiveCfg = Debug|x86
		{0E32C139-1252-4649-A409-AE1489A56282}.Debug|x64.ActiveCfg = Debug|x64
		{0E32C139-1252-4649-A409-AE1489A56282}.Debug|x64.Build.0 = Debug|x64
		{0E32C139-1252-4649-A409-AE1489A56282}.Debug|x86.ActiveCfg = Debug|x86
		{0E32C139-1252-4649-A409-AE1489A56282}.Debug|x86.Build.0 = Debug|x86
		{0E32C139-1252-4649-A409-AE1489A56282}.Release|Any CPU.ActiveCfg = Release|x86
		{0E32C139-1252-4649-A409-AE1489A56282}.Release|x64.ActiveCfg = Release|x64
		{0E32C139-1252-4649-A409-AE1489A56282}.Release|x64.Build.0 = Release|x64
		{0E32C139-1252-4649-A409-AE1489A56282}.Release|x86.ActiveCfg = Release|x86
		{0E32C139-1252-4649-A409-AE1489A56282}.Release|x86.Build.0 = Release|x86
		{CFCB38B0-74CA-478F-BE18-CC185079C91F}.Debug|Any CPU.ActiveCfg = Debug|Any CPU
		{CFCB38B0-74CA-478F-BE18-CC185079C91F}.Debug|Any CPU.Build.0 = Debug|Any CPU
		{CFCB38B0-74CA-478F-BE18-CC185079C91F}.Debug|x64.ActiveCfg = Debug|Any CPU
		{CFCB38B0-74CA-478F-BE18-CC185079C91F}.Debug|x64.Build.0 = Debug|Any CPU
		{CFCB38B0-74CA-478F-BE18-CC185079C91F}.Debug|x86.ActiveCfg = Debug|Any CPU
		{CFCB38B0-74CA-478F-BE18-CC185079C91F}.Debug|x86.Build.0 = Debug|Any CPU
		{CFCB38B0-74CA-478F-BE18-CC185079C91F}.Release|Any CPU.ActiveCfg = Release|Any CPU
		{CFCB38B0-74CA-478F-BE18-CC185079C91F}.Release|Any CPU.Build.0 = Release|Any CPU
		{CFCB38B0-74CA-478F-BE18-CC185079C91F}.Release|x64.ActiveCfg = Release|Any CPU
		{CFCB38B0-74CA-478F-BE18-CC185079C91F}.Release|x64.Build.0 = Release|Any CPU
		{CFCB38B0-74CA-478F-BE18-CC185079C91F}.Release|x86.ActiveCfg = Release|Any CPU
		{CFCB38B0-74CA-478F-BE18-CC185079C91F}.Release|x86.Build.0 = Release|Any CPU
		{5948C8AD-D770-43F3-A23F-EFC3058F5E0C}.Debug|Any CPU.ActiveCfg = Debug|Any CPU
		{5948C8AD-D770-43F3-A23F-EFC3058F5E0C}.Debug|Any CPU.Build.0 = Debug|Any CPU
		{5948C8AD-D770-43F3-A23F-EFC3058F5E0C}.Debug|x64.ActiveCfg = Debug|Any CPU
		{5948C8AD-D770-43F3-A23F-EFC3058F5E0C}.Debug|x64.Build.0 = Debug|Any CPU
		{5948C8AD-D770-43F3-A23F-EFC3058F5E0C}.Debug|x86.ActiveCfg = Debug|Any CPU
		{5948C8AD-D770-43F3-A23F-EFC3058F5E0C}.Debug|x86.Build.0 = Debug|Any CPU
		{5948C8AD-D770-43F3-A23F-EFC3058F5E0C}.Release|Any CPU.ActiveCfg = Release|Any CPU
		{5948C8AD-D770-43F3-A23F-EFC3058F5E0C}.Release|Any CPU.Build.0 = Release|Any CPU
		{5948C8AD-D770-43F3-A23F-EFC3058F5E0C}.Release|x64.ActiveCfg = Release|Any CPU
		{5948C8AD-D770-43F3-A23F-EFC3058F5E0C}.Release|x64.Build.0 = Release|Any CPU
		{5948C8AD-D770-43F3-A23F-EFC3058F5E0C}.Release|x86.ActiveCfg = Release|Any CPU
		{5948C8AD-D770-43F3-A23F-EFC3058F5E0C}.Release|x86.Build.0 = Release|Any CPU
		{0C739D92-B4F8-4697-AC45-4476B2AC98A7}.Debug|Any CPU.ActiveCfg = Debug|x86
		{0C739D92-B4F8-4697-AC45-4476B2AC98A7}.Debug|x64.ActiveCfg = Debug|x86
		{0C739D92-B4F8-4697-AC45-4476B2AC98A7}.Debug|x86.ActiveCfg = Debug|x86
		{0C739D92-B4F8-4697-AC45-4476B2AC98A7}.Debug|x86.Build.0 = Debug|x86
		{0C739D92-B4F8-4697-AC45-4476B2AC98A7}.Release|Any CPU.ActiveCfg = Release|x86
		{0C739D92-B4F8-4697-AC45-4476B2AC98A7}.Release|x64.ActiveCfg = Release|x86
		{0C739D92-B4F8-4697-AC45-4476B2AC98A7}.Release|x86.ActiveCfg = Release|x86
		{0C739D92-B4F8-4697-AC45-4476B2AC98A7}.Release|x86.Build.0 = Release|x86
	EndGlobalSection
	GlobalSection(SolutionProperties) = preSolution
		HideSolutionNode = FALSE
	EndGlobalSection
EndGlobal
